
Microsoft Visual Studio Solution File, Format Version 12.00
# Visual Studio Version 17
VisualStudioVersion = 17.3.32929.385
MinimumVisualStudioVersion = 10.0.40219.1
Project("{8BC9CEB8-8B4A-11D0-8D11-00A0C91BC942}") = "winConsoleGameEngine", "winConsoleGameEngine\winConsoleGameEngine.vcxproj", "{2FC92EEF-47EF-4CC7-B35A-B60AEA81F698}"
EndProject
Project("{8BC9CEB8-8B4A-11D0-8D11-00A0C91BC942}") = "wcgeTestbed", "wcgeTestbed\wcgeTestbed.vcxproj", "{2CFF4FC7-7DE3-4076-93F2-49F6BCC66A7F}"
EndProject
Project("{8BC9CEB8-8B4A-11D0-8D11-00A0C91BC942}") = "wcgeConsole3DPipeline", "wcgeConsole3DPipeline\wcgeConsole3DPipeline.vcxproj", "{9930266C-8A17-4F2F-9F0E-E7223313D6AE}"
EndProject
Project("{8BC9CEB8-8B4A-11D0-8D11-00A0C91BC942}") = "wcge3dTestbed", "wcge3dTestbed\wcge3dTestbed.vcxproj", "{5466A100-DDDF-46C8-A6F7-B0D274195BD0}"
EndProject
Project("{8BC9CEB8-8B4A-11D0-8D11-00A0C91BC942}") = "wcge3DRenderer", "wcge3DRenderer\wcge3DRenderer.vcxproj", "{6FDFC704-7334-4636-A973-7CD400B28C8F}"
EndProject
Project("{8BC9CEB8-8B4A-11D0-8D11-00A0C91BC942}") = "wcgeDitheringTestbed", "wcgeDitheringTestbed\wcgeDitheringTestbed.vcxproj", "{18D392A3-31D7-49B9-9B2D-BA9881B9657E}"
EndProject
Project("{8BC9CEB8-8B4A-11D0-8D11-00A0C91BC942}") = "wcgeMath", "wcgeMath\wcgeMath.vcxproj", "{3B82A4AA-8131-48CB-A7F7-C71E777BE9A5}"
EndProject
Project("{8BC9CEB8-8B4A-11D0-8D11-00A0C91BC942}") = "wcgeResources", "wcgeResources\wcgeResources.vcxitems", "{DEA2041B-C9C9-43C5-AE79-9E8D04833DE0}"
EndProject
Project("{8BC9CEB8-8B4A-11D0-8D11-00A0C91BC942}") = "wcgeCore", "wcgeCore\wcgeCore.vcxproj", "{8F49A12D-21BE-4CB1-8946-FF8E9E9501EF}"
EndProject
Project("{2150E333-8FDC-42A3-9474-1A3956D46DE8}") = "res", "res", "{5C29D18F-05F2-4B13-AF6D-83BF3A4A11AE}"
EndProject
Project("{2150E333-8FDC-42A3-9474-1A3956D46DE8}") = "libs", "libs", "{421D0C86-8DEB-4573-AB0A-5B0D3CF54F8F}"
EndProject
Project("{2150E333-8FDC-42A3-9474-1A3956D46DE8}") = "applications", "applications", "{2C2A5FA4-8CB4-435E-9625-98E108120238}"
EndProject
Project("{8BC9CEB8-8B4A-11D0-8D11-00A0C91BC942}") = "wcge3DCore", "wcge3DCore\wcge3DCore.vcxproj", "{E399373B-49CC-4D65-A96F-CFB61FF498A4}"
EndProject
Project("{8BC9CEB8-8B4A-11D0-8D11-00A0C91BC942}") = "wcge3dPixelGameEngineTestbed", "wcge3dPixelGameEngineTestbed\wcge3dPixelGameEngineTestbed.vcxproj", "{F3CBA275-2846-4AE2-8C0D-19CE1B4FD5E1}"
EndProject
Global
	GlobalSection(SolutionConfigurationPlatforms) = preSolution
		Debug|x64 = Debug|x64
		Debug|x86 = Debug|x86
		Release|x64 = Release|x64
		Release|x86 = Release|x86
	EndGlobalSection
	GlobalSection(ProjectConfigurationPlatforms) = postSolution
		{2FC92EEF-47EF-4CC7-B35A-B60AEA81F698}.Debug|x64.ActiveCfg = Debug|x64
		{2FC92EEF-47EF-4CC7-B35A-B60AEA81F698}.Debug|x64.Build.0 = Debug|x64
		{2FC92EEF-47EF-4CC7-B35A-B60AEA81F698}.Debug|x86.ActiveCfg = Debug|Win32
		{2FC92EEF-47EF-4CC7-B35A-B60AEA81F698}.Debug|x86.Build.0 = Debug|Win32
		{2FC92EEF-47EF-4CC7-B35A-B60AEA81F698}.Release|x64.ActiveCfg = Release|x64
		{2FC92EEF-47EF-4CC7-B35A-B60AEA81F698}.Release|x64.Build.0 = Release|x64
		{2FC92EEF-47EF-4CC7-B35A-B60AEA81F698}.Release|x86.ActiveCfg = Release|Win32
		{2FC92EEF-47EF-4CC7-B35A-B60AEA81F698}.Release|x86.Build.0 = Release|Win32
		{2CFF4FC7-7DE3-4076-93F2-49F6BCC66A7F}.Debug|x64.ActiveCfg = Debug|x64
		{2CFF4FC7-7DE3-4076-93F2-49F6BCC66A7F}.Debug|x64.Build.0 = Debug|x64
		{2CFF4FC7-7DE3-4076-93F2-49F6BCC66A7F}.Debug|x86.ActiveCfg = Debug|Win32
		{2CFF4FC7-7DE3-4076-93F2-49F6BCC66A7F}.Debug|x86.Build.0 = Debug|Win32
		{2CFF4FC7-7DE3-4076-93F2-49F6BCC66A7F}.Release|x64.ActiveCfg = Release|x64
		{2CFF4FC7-7DE3-4076-93F2-49F6BCC66A7F}.Release|x64.Build.0 = Release|x64
		{2CFF4FC7-7DE3-4076-93F2-49F6BCC66A7F}.Release|x86.ActiveCfg = Release|Win32
		{2CFF4FC7-7DE3-4076-93F2-49F6BCC66A7F}.Release|x86.Build.0 = Release|Win32
		{9930266C-8A17-4F2F-9F0E-E7223313D6AE}.Debug|x64.ActiveCfg = Debug|x64
		{9930266C-8A17-4F2F-9F0E-E7223313D6AE}.Debug|x64.Build.0 = Debug|x64
		{9930266C-8A17-4F2F-9F0E-E7223313D6AE}.Debug|x86.ActiveCfg = Debug|Win32
		{9930266C-8A17-4F2F-9F0E-E7223313D6AE}.Debug|x86.Build.0 = Debug|Win32
		{9930266C-8A17-4F2F-9F0E-E7223313D6AE}.Release|x64.ActiveCfg = Release|x64
		{9930266C-8A17-4F2F-9F0E-E7223313D6AE}.Release|x64.Build.0 = Release|x64
		{9930266C-8A17-4F2F-9F0E-E7223313D6AE}.Release|x86.ActiveCfg = Release|Win32
		{9930266C-8A17-4F2F-9F0E-E7223313D6AE}.Release|x86.Build.0 = Release|Win32
		{5466A100-DDDF-46C8-A6F7-B0D274195BD0}.Debug|x64.ActiveCfg = Debug|x64
		{5466A100-DDDF-46C8-A6F7-B0D274195BD0}.Debug|x64.Build.0 = Debug|x64
		{5466A100-DDDF-46C8-A6F7-B0D274195BD0}.Debug|x86.ActiveCfg = Debug|Win32
		{5466A100-DDDF-46C8-A6F7-B0D274195BD0}.Debug|x86.Build.0 = Debug|Win32
		{5466A100-DDDF-46C8-A6F7-B0D274195BD0}.Release|x64.ActiveCfg = Release|x64
		{5466A100-DDDF-46C8-A6F7-B0D274195BD0}.Release|x64.Build.0 = Release|x64
		{5466A100-DDDF-46C8-A6F7-B0D274195BD0}.Release|x86.ActiveCfg = Release|Win32
		{5466A100-DDDF-46C8-A6F7-B0D274195BD0}.Release|x86.Build.0 = Release|Win32
		{6FDFC704-7334-4636-A973-7CD400B28C8F}.Debug|x64.ActiveCfg = Debug|x64
		{6FDFC704-7334-4636-A973-7CD400B28C8F}.Debug|x64.Build.0 = Debug|x64
		{6FDFC704-7334-4636-A973-7CD400B28C8F}.Debug|x86.ActiveCfg = Debug|Win32
		{6FDFC704-7334-4636-A973-7CD400B28C8F}.Debug|x86.Build.0 = Debug|Win32
		{6FDFC704-7334-4636-A973-7CD400B28C8F}.Release|x64.ActiveCfg = Release|x64
		{6FDFC704-7334-4636-A973-7CD400B28C8F}.Release|x64.Build.0 = Release|x64
		{6FDFC704-7334-4636-A973-7CD400B28C8F}.Release|x86.ActiveCfg = Release|Win32
		{6FDFC704-7334-4636-A973-7CD400B28C8F}.Release|x86.Build.0 = Release|Win32
		{18D392A3-31D7-49B9-9B2D-BA9881B9657E}.Debug|x64.ActiveCfg = Debug|x64
		{18D392A3-31D7-49B9-9B2D-BA9881B9657E}.Debug|x64.Build.0 = Debug|x64
		{18D392A3-31D7-49B9-9B2D-BA9881B9657E}.Debug|x86.ActiveCfg = Debug|Win32
		{18D392A3-31D7-49B9-9B2D-BA9881B9657E}.Debug|x86.Build.0 = Debug|Win32
		{18D392A3-31D7-49B9-9B2D-BA9881B9657E}.Release|x64.ActiveCfg = Release|x64
		{18D392A3-31D7-49B9-9B2D-BA9881B9657E}.Release|x64.Build.0 = Release|x64
		{18D392A3-31D7-49B9-9B2D-BA9881B9657E}.Release|x86.ActiveCfg = Release|Win32
		{18D392A3-31D7-49B9-9B2D-BA9881B9657E}.Release|x86.Build.0 = Release|Win32
		{3B82A4AA-8131-48CB-A7F7-C71E777BE9A5}.Debug|x64.ActiveCfg = Debug|x64
		{3B82A4AA-8131-48CB-A7F7-C71E777BE9A5}.Debug|x64.Build.0 = Debug|x64
		{3B82A4AA-8131-48CB-A7F7-C71E777BE9A5}.Debug|x86.ActiveCfg = Debug|Win32
		{3B82A4AA-8131-48CB-A7F7-C71E777BE9A5}.Debug|x86.Build.0 = Debug|Win32
		{3B82A4AA-8131-48CB-A7F7-C71E777BE9A5}.Release|x64.ActiveCfg = Release|x64
		{3B82A4AA-8131-48CB-A7F7-C71E777BE9A5}.Release|x64.Build.0 = Release|x64
		{3B82A4AA-8131-48CB-A7F7-C71E777BE9A5}.Release|x86.ActiveCfg = Release|Win32
		{3B82A4AA-8131-48CB-A7F7-C71E777BE9A5}.Release|x86.Build.0 = Release|Win32
		{8F49A12D-21BE-4CB1-8946-FF8E9E9501EF}.Debug|x64.ActiveCfg = Debug|x64
		{8F49A12D-21BE-4CB1-8946-FF8E9E9501EF}.Debug|x64.Build.0 = Debug|x64
		{8F49A12D-21BE-4CB1-8946-FF8E9E9501EF}.Debug|x86.ActiveCfg = Debug|Win32
		{8F49A12D-21BE-4CB1-8946-FF8E9E9501EF}.Debug|x86.Build.0 = Debug|Win32
		{8F49A12D-21BE-4CB1-8946-FF8E9E9501EF}.Release|x64.ActiveCfg = Release|x64
		{8F49A12D-21BE-4CB1-8946-FF8E9E9501EF}.Release|x64.Build.0 = Release|x64
		{8F49A12D-21BE-4CB1-8946-FF8E9E9501EF}.Release|x86.ActiveCfg = Release|Win32
		{8F49A12D-21BE-4CB1-8946-FF8E9E9501EF}.Release|x86.Build.0 = Release|Win32
		{E399373B-49CC-4D65-A96F-CFB61FF498A4}.Debug|x64.ActiveCfg = Debug|x64
		{E399373B-49CC-4D65-A96F-CFB61FF498A4}.Debug|x64.Build.0 = Debug|x64
		{E399373B-49CC-4D65-A96F-CFB61FF498A4}.Debug|x86.ActiveCfg = Debug|Win32
		{E399373B-49CC-4D65-A96F-CFB61FF498A4}.Debug|x86.Build.0 = Debug|Win32
		{E399373B-49CC-4D65-A96F-CFB61FF498A4}.Release|x64.ActiveCfg = Release|x64
		{E399373B-49CC-4D65-A96F-CFB61FF498A4}.Release|x64.Build.0 = Release|x64
		{E399373B-49CC-4D65-A96F-CFB61FF498A4}.Release|x86.ActiveCfg = Release|Win32
		{E399373B-49CC-4D65-A96F-CFB61FF498A4}.Release|x86.Build.0 = Release|Win32
		{F3CBA275-2846-4AE2-8C0D-19CE1B4FD5E1}.Debug|x64.ActiveCfg = Debug|x64
		{F3CBA275-2846-4AE2-8C0D-19CE1B4FD5E1}.Debug|x64.Build.0 = Debug|x64
		{F3CBA275-2846-4AE2-8C0D-19CE1B4FD5E1}.Debug|x86.ActiveCfg = Debug|Win32
		{F3CBA275-2846-4AE2-8C0D-19CE1B4FD5E1}.Debug|x86.Build.0 = Debug|Win32
		{F3CBA275-2846-4AE2-8C0D-19CE1B4FD5E1}.Release|x64.ActiveCfg = Release|x64
		{F3CBA275-2846-4AE2-8C0D-19CE1B4FD5E1}.Release|x64.Build.0 = Release|x64
		{F3CBA275-2846-4AE2-8C0D-19CE1B4FD5E1}.Release|x86.ActiveCfg = Release|Win32
		{F3CBA275-2846-4AE2-8C0D-19CE1B4FD5E1}.Release|x86.Build.0 = Release|Win32
	EndGlobalSection
	GlobalSection(SolutionProperties) = preSolution
		HideSolutionNode = FALSE
	EndGlobalSection
	GlobalSection(NestedProjects) = preSolution
		{2FC92EEF-47EF-4CC7-B35A-B60AEA81F698} = {421D0C86-8DEB-4573-AB0A-5B0D3CF54F8F}
		{2CFF4FC7-7DE3-4076-93F2-49F6BCC66A7F} = {2C2A5FA4-8CB4-435E-9625-98E108120238}
		{9930266C-8A17-4F2F-9F0E-E7223313D6AE} = {421D0C86-8DEB-4573-AB0A-5B0D3CF54F8F}
		{5466A100-DDDF-46C8-A6F7-B0D274195BD0} = {2C2A5FA4-8CB4-435E-9625-98E108120238}
		{6FDFC704-7334-4636-A973-7CD400B28C8F} = {421D0C86-8DEB-4573-AB0A-5B0D3CF54F8F}
		{18D392A3-31D7-49B9-9B2D-BA9881B9657E} = {2C2A5FA4-8CB4-435E-9625-98E108120238}
		{3B82A4AA-8131-48CB-A7F7-C71E777BE9A5} = {421D0C86-8DEB-4573-AB0A-5B0D3CF54F8F}
		{DEA2041B-C9C9-43C5-AE79-9E8D04833DE0} = {5C29D18F-05F2-4B13-AF6D-83BF3A4A11AE}
		{8F49A12D-21BE-4CB1-8946-FF8E9E9501EF} = {421D0C86-8DEB-4573-AB0A-5B0D3CF54F8F}
		{E399373B-49CC-4D65-A96F-CFB61FF498A4} = {421D0C86-8DEB-4573-AB0A-5B0D3CF54F8F}
		{F3CBA275-2846-4AE2-8C0D-19CE1B4FD5E1} = {2C2A5FA4-8CB4-435E-9625-98E108120238}
	EndGlobalSection
	GlobalSection(ExtensibilityGlobals) = postSolution
		SolutionGuid = {FA40FC03-81CC-4D44-918B-3362D6205A69}
	EndGlobalSection
EndGlobal
